// !$*UTF8*$!
{
	archiveVersion = 1;
	classes = {
	};
	objectVersion = 50;
	objects = {

/* Begin PBXBuildFile section */
		A553E6C224DCCBD400C4F6DA /* AppDelegate.swift in Sources */ = {isa = PBXBuildFile; fileRef = A553E6C124DCCBD400C4F6DA /* AppDelegate.swift */; };
		A553E6C424DCCBD400C4F6DA /* SceneDelegate.swift in Sources */ = {isa = PBXBuildFile; fileRef = A553E6C324DCCBD400C4F6DA /* SceneDelegate.swift */; };
		A553E6C624DCCBD400C4F6DA /* ViewController.swift in Sources */ = {isa = PBXBuildFile; fileRef = A553E6C524DCCBD400C4F6DA /* ViewController.swift */; };
		A553E6C924DCCBD400C4F6DA /* Main.storyboard in Resources */ = {isa = PBXBuildFile; fileRef = A553E6C724DCCBD400C4F6DA /* Main.storyboard */; };
		A553E6CB24DCCBD900C4F6DA /* Assets.xcassets in Resources */ = {isa = PBXBuildFile; fileRef = A553E6CA24DCCBD900C4F6DA /* Assets.xcassets */; };
		A553E6CE24DCCBD900C4F6DA /* LaunchScreen.storyboard in Resources */ = {isa = PBXBuildFile; fileRef = A553E6CC24DCCBD900C4F6DA /* LaunchScreen.storyboard */; };
/* End PBXBuildFile section */

/* Begin PBXFileReference section */
		A553E6BE24DCCBD400C4F6DA /* infinite.app */ = {isa = PBXFileReference; explicitFileType = wrapper.application; includeInIndex = 0; path = infinite.app; sourceTree = BUILT_PRODUCTS_DIR; };
		A553E6C124DCCBD400C4F6DA /* AppDelegate.swift */ = {isa = PBXFileReference; lastKnownFileType = sourcecode.swift; path = AppDelegate.swift; sourceTree = "<group>"; };
		A553E6C324DCCBD400C4F6DA /* SceneDelegate.swift */ = {isa = PBXFileReference; lastKnownFileType = sourcecode.swift; path = SceneDelegate.swift; sourceTree = "<group>"; };
		A553E6C524DCCBD400C4F6DA /* ViewController.swift */ = {isa = PBXFileReference; lastKnownFileType = sourcecode.swift; path = ViewController.swift; sourceTree = "<group>"; };
		A553E6C824DCCBD400C4F6DA /* Base */ = {isa = PBXFileReference; lastKnownFileType = file.storyboard; name = Base; path = Base.lproj/Main.storyboard; sourceTree = "<group>"; };
		A553E6CA24DCCBD900C4F6DA /* Assets.xcassets */ = {isa = PBXFileReference; lastKnownFileType = folder.assetcatalog; path = Assets.xcassets; sourceTree = "<group>"; };
		A553E6CD24DCCBD900C4F6DA /* Base */ = {isa = PBXFileReference; lastKnownFileType = file.storyboard; name = Base; path = Base.lproj/LaunchScreen.storyboard; sourceTree = "<group>"; };
		A553E6CF24DCCBD900C4F6DA /* Info.plist */ = {isa = PBXFileReference; lastKnownFileType = text.plist.xml; path = Info.plist; sourceTree = "<group>"; };
/* End PBXFileReference section */

/* Begin PBXFrameworksBuildPhase section */
		A553E6BB24DCCBD400C4F6DA /* Frameworks */ = {
			isa = PBXFrameworksBuildPhase;
			buildActionMask = 2147483647;
			files = (
			);
			runOnlyForDeploymentPostprocessing = 0;
		};
/* End PBXFrameworksBuildPhase section */

/* Begin PBXGroup section */
		A553E6B524DCCBD400C4F6DA = {
			isa = PBXGroup;
			children = (
				A553E6C024DCCBD400C4F6DA /* infinite */,
				A553E6BF24DCCBD400C4F6DA /* Products */,
			);
			sourceTree = "<group>";
		};
		A553E6BF24DCCBD400C4F6DA /* Products */ = {
			isa = PBXGroup;
			children = (
				A553E6BE24DCCBD400C4F6DA /* infinite.app */,
			);
			name = Products;
			sourceTree = "<group>";
		};
		A553E6C024DCCBD400C4F6DA /* infinite */ = {
			isa = PBXGroup;
			children = (
				A553E6C124DCCBD400C4F6DA /* AppDelegate.swift */,
				A553E6C324DCCBD400C4F6DA /* SceneDelegate.swift */,
				A553E6C524DCCBD400C4F6DA /* ViewController.swift */,
				A553E6C724DCCBD400C4F6DA /* Main.storyboard */,
				A553E6CA24DCCBD900C4F6DA /* Assets.xcassets */,
				A553E6CC24DCCBD900C4F6DA /* LaunchScreen.storyboard */,
				A553E6CF24DCCBD900C4F6DA /* Info.plist */,
			);
			path = infinite;
			sourceTree = "<group>";
		};
/* End PBXGroup section */

/* Begin PBXNativeTarget section */
		A553E6BD24DCCBD400C4F6DA /* infinite */ = {
			isa = PBXNativeTarget;
			buildConfigurationList = A553E6D224DCCBD900C4F6DA /* Build configuration list for PBXNativeTarget "infinite" */;
			buildPhases = (
				A553E6BA24DCCBD400C4F6DA /* Sources */,
				A553E6BB24DCCBD400C4F6DA /* Frameworks */,
				A553E6BC24DCCBD400C4F6DA /* Resources */,
			);
			buildRules = (
			);
			dependencies = (
			);
			name = infinite;
			productName = infinite;
			productReference = A553E6BE24DCCBD400C4F6DA /* infinite.app */;
			productType = "com.apple.product-type.application";
		};
/* End PBXNativeTarget section */

/* Begin PBXProject section */
		A553E6B624DCCBD400C4F6DA /* Project object */ = {
			isa = PBXProject;
			attributes = {
				LastSwiftUpdateCheck = 1160;
				LastUpgradeCheck = 1160;
				ORGANIZATIONNAME = "Jawaher Alaggl";
				TargetAttributes = {
					A553E6BD24DCCBD400C4F6DA = {
						CreatedOnToolsVersion = 11.6;
					};
				};
			};
			buildConfigurationList = A553E6B924DCCBD400C4F6DA /* Build configuration list for PBXProject "infinite" */;
			compatibilityVersion = "Xcode 9.3";
			developmentRegion = en;
			hasScannedForEncodings = 0;
			knownRegions = (
				en,
				Base,
			);
			mainGroup = A553E6B524DCCBD400C4F6DA;
			productRefGroup = A553E6BF24DCCBD400C4F6DA /* Products */;
			projectDirPath = "";
			projectRoot = "";
			targets = (
				A553E6BD24DCCBD400C4F6DA /* infinite */,
			);
		};
/* End PBXProject section */

/* Begin PBXResourcesBuildPhase section */
		A553E6BC24DCCBD400C4F6DA /* Resources */ = {
			isa = PBXResourcesBuildPhase;
			buildActionMask = 2147483647;
			files = (
				A553E6CE24DCCBD900C4F6DA /* LaunchScreen.storyboard in Resources */,
				A553E6CB24DCCBD900C4F6DA /* Assets.xcassets in Resources */,
				A553E6C924DCCBD400C4F6DA /* Main.storyboard in Resources */,
			);
			runOnlyForDeploymentPostprocessing = 0;
		};
/* End PBXResourcesBuildPhase section */

/* Begin PBXSourcesBuildPhase section */
		A553E6BA24DCCBD400C4F6DA /* Sources */ = {
			isa = PBXSourcesBuildPhase;
			buildActionMask = 2147483647;
			files = (
				A553E6C624DCCBD400C4F6DA /* ViewController.swift in Sources */,
				A553E6C224DCCBD400C4F6DA /* AppDelegate.swift in Sources */,
				A553E6C424DCCBD400C4F6DA /* SceneDelegate.swift in Sources */,
			);
			runOnlyForDeploymentPostprocessing = 0;
		};
/* End PBXSourcesBuildPhase section */

/* Begin PBXVariantGroup section */
		A553E6C724DCCBD400C4F6DA /* Main.storyboard */ = {
			isa = PBXVariantGroup;
			children = (
				A553E6C824DCCBD400C4F6DA /* Base */,
			);
			name = Main.storyboard;
			sourceTree = "<group>";
		};
		A553E6CC24DCCBD900C4F6DA /* LaunchScreen.storyboard */ = {
			isa = PBXVariantGroup;
			children = (
				A553E6CD24DCCBD900C4F6DA /* Base */,
			);
			name = LaunchScreen.storyboard;
			sourceTree = "<group>";
		};
/* End PBXVariantGroup section */

/* Begin XCBuildConfiguration section */
		A553E6D024DCCBD900C4F6DA /* Debug */ = {
			isa = XCBuildConfiguration;
			buildSettings = {
				ALWAYS_SEARCH_USER_PATHS = NO;
				CLANG_ANALYZER_NONNULL = YES;
				CLANG_ANALYZER_NUMBER_OBJECT_CONVERSION = YES_AGGRESSIVE;
				CLANG_CXX_LANGUAGE_STANDARD = "gnu++14";
				CLANG_CXX_LIBRARY = "libc++";
				CLANG_ENABLE_MODULES = YES;
				CLANG_ENABLE_OBJC_ARC = YES;
				CLANG_ENABLE_OBJC_WEAK = YES;
				CLANG_WARN_BLOCK_CAPTURE_AUTORELEASING = YES;
				CLANG_WARN_BOOL_CONVERSION = YES;
				CLANG_WARN_COMMA = YES;
				CLANG_WARN_CONSTANT_CONVERSION = YES;
				CLANG_WARN_DEPRECATED_OBJC_IMPLEMENTATIONS = YES;
				CLANG_WARN_DIRECT_OBJC_ISA_USAGE = YES_ERROR;
				CLANG_WARN_DOCUMENTATION_COMMENTS = YES;
				CLANG_WARN_EMPTY_BODY = YES;
				CLANG_WARN_ENUM_CONVERSION = YES;
				CLANG_WARN_INFINITE_RECURSION = YES;
				CLANG_WARN_INT_CONVERSION = YES;
				CLANG_WARN_NON_LITERAL_NULL_CONVERSION = YES;
				CLANG_WARN_OBJC_IMPLICIT_RETAIN_SELF = YES;
				CLANG_WARN_OBJC_LITERAL_CONVERSION = YES;
				CLANG_WARN_OBJC_ROOT_CLASS = YES_ERROR;
				CLANG_WARN_RANGE_LOOP_ANALYSIS = YES;
				CLANG_WARN_STRICT_PROTOTYPES = YES;
				CLANG_WARN_SUSPICIOUS_MOVE = YES;
				CLANG_WARN_UNGUARDED_AVAILABILITY = YES_AGGRESSIVE;
				CLANG_WARN_UNREACHABLE_CODE = YES;
				CLANG_WARN__DUPLICATE_METHOD_MATCH = YES;
				COPY_PHASE_STRIP = NO;
				DEBUG_INFORMATION_FORMAT = dwarf;
				ENABLE_STRICT_OBJC_MSGSEND = YES;
				ENABLE_TESTABILITY = YES;
				GCC_C_LANGUAGE_STANDARD = gnu11;
				GCC_DYNAMIC_NO_PIC = NO;
				GCC_NO_COMMON_BLOCKS = YES;
				GCC_OPTIMIZATION_LEVEL = 0;
				GCC_PREPROCESSOR_DEFINITIONS = (
					"DEBUG=1",
					"$(inherited)",
				);
				GCC_WARN_64_TO_32_BIT_CONVERSION = YES;
				GCC_WARN_ABOUT_RETURN_TYPE = YES_ERROR;
				GCC_WARN_UNDECLARED_SELECTOR = YES;
				GCC_WARN_UNINITIALIZED_AUTOS = YES_AGGRESSIVE;
				GCC_WARN_UNUSED_FUNCTION = YES;
				GCC_WARN_UNUSED_VARIABLE = YES;
				IPHONEOS_DEPLOYMENT_TARGET = 13.6;
				MTL_ENABLE_DEBUG_INFO = INCLUDE_SOURCE;
				MTL_FAST_MATH = YES;
				ONLY_ACTIVE_ARCH = YES;
				SDKROOT = iphoneos;
				SWIFT_ACTIVE_COMPILATION_CONDITIONS = DEBUG;
				SWIFT_OPTIMIZATION_LEVEL = "-Onone";
			};
			name = Debug;
		};
		A553E6D124DCCBD900C4F6DA /* Release */ = {
			isa = XCBuildConfiguration;
			buildSettings = {
				ALWAYS_SEARCH_USER_PATHS = NO;
				CLANG_ANALYZER_NONNULL = YES;
				CLANG_ANALYZER_NUMBER_OBJECT_CONVERSION = YES_AGGRESSIVE;
				CLANG_CXX_LANGUAGE_STANDARD = "gnu++14";
				CLANG_CXX_LIBRARY = "libc++";
				CLANG_ENABLE_MODULES = YES;
				CLANG_ENABLE_OBJC_ARC = YES;
				CLANG_ENABLE_OBJC_WEAK = YES;
				CLANG_WARN_BLOCK_CAPTURE_AUTORELEASING = YES;
				CLANG_WARN_BOOL_CONVERSION = YES;
				CLANG_WARN_COMMA = YES;
				CLANG_WARN_CONSTANT_CONVERSION = YES;
				CLANG_WARN_DEPRECATED_OBJC_IMPLEMENTATIONS = YES;
				CLANG_WARN_DIRECT_OBJC_ISA_USAGE = YES_ERROR;
				CLANG_WARN_DOCUMENTATION_COMMENTS = YES;
				CLANG_WARN_EMPTY_BODY = YES;
				CLANG_WARN_ENUM_CONVERSION = YES;
				CLANG_WARN_INFINITE_RECURSION = YES;
				CLANG_WARN_INT_CONVERSION = YES;
				CLANG_WARN_NON_LITERAL_NULL_CONVERSION = YES;
				CLANG_WARN_OBJC_IMPLICIT_RETAIN_SELF = YES;
				CLANG_WARN_OBJC_LITERAL_CONVERSION = YES;
				CLANG_WARN_OBJC_ROOT_CLASS = YES_ERROR;
				CLANG_WARN_RANGE_LOOP_ANALYSIS = YES;
				CLANG_WARN_STRICT_PROTOTYPES = YES;
				CLANG_WARN_SUSPICIOUS_MOVE = YES;
				CLANG_WARN_UNGUARDED_AVAILABILITY = YES_AGGRESSIVE;
				CLANG_WARN_UNREACHABLE_CODE = YES;
				CLANG_WARN__DUPLICATE_METHOD_MATCH = YES;
				COPY_PHASE_STRIP = NO;
				DEBUG_INFORMATION_FORMAT = "dwarf-with-dsym";
				ENABLE_NS_ASSERTIONS = NO;
				ENABLE_STRICT_OBJC_MSGSEND = YES;
				GCC_C_LANGUAGE_STANDARD = gnu11;
				GCC_NO_COMMON_BLOCKS = YES;
				GCC_WARN_64_TO_32_BIT_CONVERSION = YES;
				GCC_WARN_ABOUT_RETURN_TYPE = YES_ERROR;
				GCC_WARN_UNDECLARED_SELECTOR = YES;
				GCC_WARN_UNINITIALIZED_AUTOS = YES_AGGRESSIVE;
				GCC_WARN_UNUSED_FUNCTION = YES;
				GCC_WARN_UNUSED_VARIABLE = YES;
				IPHONEOS_DEPLOYMENT_TARGET = 13.6;
				MTL_ENABLE_DEBUG_INFO = NO;
				MTL_FAST_MATH = YES;
				SDKROOT = iphoneos;
				SWIFT_COMPILATION_MODE = wholemodule;
				SWIFT_OPTIMIZATION_LEVEL = "-O";
				VALIDATE_PRODUCT = YES;
			};
			name = Release;
		};
		A553E6D324DCCBD900C4F6DA /* Debug */ = {
			isa = XCBuildConfiguration;
			buildSettings = {
				ASSETCATALOG_COMPILER_APPICON_NAME = AppIcon;
				CODE_SIGN_STYLE = Automatic;
				DEVELOPMENT_TEAM = 6W4MA25Y33;
				INFOPLIST_FILE = infinite/Info.plist;
				LD_RUNPATH_SEARCH_PATHS = (
					"$(inherited)",
					"@executable_path/Frameworks",
				);
				PRODUCT_BUNDLE_IDENTIFIER = com.jaDanRA.infinite;
				PRODUCT_NAME = "$(TARGET_NAME)";
				SWIFT_VERSION = 5.0;
				TARGETED_DEVICE_FAMILY = "1,2";
			};
			name = Debug;
		};
		A553E6D424DCCBD900C4F6DA /* Release */ = {
			isa = XCBuildConfiguration;
			buildSettings = {
				ASSETCATALOG_COMPILER_APPICON_NAME = AppIcon;
				CODE_SIGN_STYLE = Automatic;
				DEVELOPMENT_TEAM = 6W4MA25Y33;
				INFOPLIST_FILE = infinite/Info.plist;
				LD_RUNPATH_SEARCH_PATHS = (
					"$(inherited)",
					"@executable_path/Frameworks",
				);
				PRODUCT_BUNDLE_IDENTIFIER = com.jaDanRA.infinite;
				PRODUCT_NAME = "$(TARGET_NAME)";
				SWIFT_VERSION = 5.0;
				TARGETED_DEVICE_FAMILY = "1,2";
			};
			name = Release;
		};
/* End XCBuildConfiguration section */

/* Begin XCConfigurationList section */
		A553E6B924DCCBD400C4F6DA /* Build configuration list for PBXProject "infinite" */ = {
			isa = XCConfigurationList;
			buildConfigurations = (
				A553E6D024DCCBD900C4F6DA /* Debug */,
				A553E6D124DCCBD900C4F6DA /* Release */,
			);
			defaultConfigurationIsVisible = 0;
			defaultConfigurationName = Release;
		};
		A553E6D224DCCBD900C4F6DA /* Build configuration list for PBXNativeTarget "infinite" */ = {
			isa = XCConfigurationList;
			buildConfigurations = (
				A553E6D324DCCBD900C4F6DA /* Debug */,
				A553E6D424DCCBD900C4F6DA /* Release */,
			);
			defaultConfigurationIsVisible = 0;
			defaultConfigurationName = Release;
		};
/* End XCConfigurationList section */
	};
	rootObject = A553E6B624DCCBD400C4F6DA /* Project object */;
}
